Microsoft Visual Studio Solution File, Format Version 12.00
# Visual Studio Version 17
VisualStudioVersion = 17.5.2.0
MinimumVisualStudioVersion = 10.0.40219.1
Project("{FAE04EC0-301F-11D3-BF4B-00C04F79EFBC}") = "UnifiedForensicAnalyze", "UnifiedForensicAnalyze.csproj", "{06580FFE-7B16-7763-7237-6A4B42DE2DEB}"
EndProject
Global
	GlobalSection(SolutionConfigurationPlatforms) = preSolution
		Debug|Any CPU = Debug|Any CPU
		Release|Any CPU = Release|Any CPU
	EndGlobalSection
	GlobalSection(ProjectConfigurationPlatforms) = postSolution
		{06580FFE-7B16-7763-7237-6A4B42DE2DEB}.Debug|Any CPU.ActiveCfg = Debug|Any CPU
		{06580FFE-7B16-7763-7237-6A4B42DE2DEB}.Debug|Any CPU.Build.0 = Debug|Any CPU
		{06580FFE-7B16-7763-7237-6A4B42DE2DEB}.Release|Any CPU.ActiveCfg = Release|Any CPU
		{06580FFE-7B16-7763-7237-6A4B42DE2DEB}.Release|Any CPU.Build.0 = Release|Any CPU
	EndGlobalSection
	GlobalSection(SolutionProperties) = preSolution
		HideSolutionNode = FALSE
	EndGlobalSection
	GlobalSection(ExtensibilityGlobals) = postSolution
		SolutionGuid = {33F6B686-0095-4CD9-8939-C16099961D90}
	EndGlobalSection
EndGlobal
